
Microsoft Visual Studio Solution File, Format Version 12.00
# Visual Studio Version 16
VisualStudioVersion = 16.0.33529.622
MinimumVisualStudioVersion = 10.0.40219.1
Project("{FAE04EC0-301F-11D3-BF4B-00C04F79EFBC}") = "Interface", "Interface\Interface.csproj", "{169734A7-5753-4BB1-BBCD-83915B3336A0}"
EndProject
Project("{FAE04EC0-301F-11D3-BF4B-00C04F79EFBC}") = "RegraNegocio", "RegraNegocio\RegraNegocio.csproj", "{97BF8767-1386-409E-B18B-35C00BA8B0D7}"
EndProject
Project("{FAE04EC0-301F-11D3-BF4B-00C04F79EFBC}") = "ConexaoBD", "ConexaoBD\ConexaoBD.csproj", "{E9DD50DA-3D1B-4BA2-9F36-9781957CDC16}"
EndProject
Global
	GlobalSection(SolutionConfigurationPlatforms) = preSolution
		Debug|Any CPU = Debug|Any CPU
		Release|Any CPU = Release|Any CPU
	EndGlobalSection
	GlobalSection(ProjectConfigurationPlatforms) = postSolution
		{169734A7-5753-4BB1-BBCD-83915B3336A0}.Debug|Any CPU.ActiveCfg = Debug|Any CPU
		{169734A7-5753-4BB1-BBCD-83915B3336A0}.Debug|Any CPU.Build.0 = Debug|Any CPU
		{169734A7-5753-4BB1-BBCD-83915B3336A0}.Release|Any CPU.ActiveCfg = Release|Any CPU
		{169734A7-5753-4BB1-BBCD-83915B3336A0}.Release|Any CPU.Build.0 = Release|Any CPU
		{97BF8767-1386-409E-B18B-35C00BA8B0D7}.Debug|Any CPU.ActiveCfg = Debug|Any CPU
		{97BF8767-1386-409E-B18B-35C00BA8B0D7}.Debug|Any CPU.Build.0 = Debug|Any CPU
		{97BF8767-1386-409E-B18B-35C00BA8B0D7}.Release|Any CPU.ActiveCfg = Release|Any CPU
		{97BF8767-1386-409E-B18B-35C00BA8B0D7}.Release|Any CPU.Build.0 = Release|Any CPU
		{E9DD50DA-3D1B-4BA2-9F36-9781957CDC16}.Debug|Any CPU.ActiveCfg = Debug|Any CPU
		{E9DD50DA-3D1B-4BA2-9F36-9781957CDC16}.Debug|Any CPU.Build.0 = Debug|Any CPU
		{E9DD50DA-3D1B-4BA2-9F36-9781957CDC16}.Release|Any CPU.ActiveCfg = Release|Any CPU
		{E9DD50DA-3D1B-4BA2-9F36-9781957CDC16}.Release|Any CPU.Build.0 = Release|Any CPU
	EndGlobalSection
	GlobalSection(SolutionProperties) = preSolution
		HideSolutionNode = FALSE
	EndGlobalSection
	GlobalSection(ExtensibilityGlobals) = postSolution
		SolutionGuid = {B49543DF-DF4A-40D9-9F3C-D52C04C08207}
	EndGlobalSection
EndGlobal
